// !$*UTF8*$!
{
	archiveVersion = 1;
	classes = {
	};
	objectVersion = 56;
	objects = {

/* Begin PBXBuildFile section */
		A1000001 /* MuscleHamsterApp.swift in Sources */ = {isa = PBXBuildFile; fileRef = A1000002; };
		A1000003 /* MainTabView.swift in Sources */ = {isa = PBXBuildFile; fileRef = A1000004; };
		A1000005 /* HomeView.swift in Sources */ = {isa = PBXBuildFile; fileRef = A1000006; };
		A1000007 /* WorkoutsView.swift in Sources */ = {isa = PBXBuildFile; fileRef = A1000008; };
		A1000009 /* ShopView.swift in Sources */ = {isa = PBXBuildFile; fileRef = A100000A; };
		A100000B /* SocialView.swift in Sources */ = {isa = PBXBuildFile; fileRef = A100000C; };
		A100000D /* SettingsView.swift in Sources */ = {isa = PBXBuildFile; fileRef = A100000E; };
		A100000F /* ViewState.swift in Sources */ = {isa = PBXBuildFile; fileRef = A1000010; };
		A1000011 /* LoadingView.swift in Sources */ = {isa = PBXBuildFile; fileRef = A1000012; };
		A1000013 /* EmptyStateView.swift in Sources */ = {isa = PBXBuildFile; fileRef = A1000014; };
		A1000015 /* ErrorView.swift in Sources */ = {isa = PBXBuildFile; fileRef = A1000016; };
		A1000017 /* Assets.xcassets in Resources */ = {isa = PBXBuildFile; fileRef = A1000018; };
		A1000032 /* AccountSettingsView.swift in Sources */ = {isa = PBXBuildFile; fileRef = A1000033; };
		A1000034 /* WorkoutScheduleSettingsView.swift in Sources */ = {isa = PBXBuildFile; fileRef = A1000035; };
		A1000036 /* NotificationSettingsView.swift in Sources */ = {isa = PBXBuildFile; fileRef = A1000037; };
		A1000038 /* AudioSettingsView.swift in Sources */ = {isa = PBXBuildFile; fileRef = A1000039; };
		A100003A /* PrivacySettingsView.swift in Sources */ = {isa = PBXBuildFile; fileRef = A100003B; };
/* End PBXBuildFile section */

/* Begin PBXFileReference section */
		A1000002 /* MuscleHamsterApp.swift */ = {isa = PBXFileReference; lastKnownFileType = sourcecode.swift; path = MuscleHamsterApp.swift; sourceTree = "<group>"; };
		A1000004 /* MainTabView.swift */ = {isa = PBXFileReference; lastKnownFileType = sourcecode.swift; path = MainTabView.swift; sourceTree = "<group>"; };
		A1000006 /* HomeView.swift */ = {isa = PBXFileReference; lastKnownFileType = sourcecode.swift; path = HomeView.swift; sourceTree = "<group>"; };
		A1000008 /* WorkoutsView.swift */ = {isa = PBXFileReference; lastKnownFileType = sourcecode.swift; path = WorkoutsView.swift; sourceTree = "<group>"; };
		A100000A /* ShopView.swift */ = {isa = PBXFileReference; lastKnownFileType = sourcecode.swift; path = ShopView.swift; sourceTree = "<group>"; };
		A100000C /* SocialView.swift */ = {isa = PBXFileReference; lastKnownFileType = sourcecode.swift; path = SocialView.swift; sourceTree = "<group>"; };
		A100000E /* SettingsView.swift */ = {isa = PBXFileReference; lastKnownFileType = sourcecode.swift; path = SettingsView.swift; sourceTree = "<group>"; };
		A1000010 /* ViewState.swift */ = {isa = PBXFileReference; lastKnownFileType = sourcecode.swift; path = ViewState.swift; sourceTree = "<group>"; };
		A1000012 /* LoadingView.swift */ = {isa = PBXFileReference; lastKnownFileType = sourcecode.swift; path = LoadingView.swift; sourceTree = "<group>"; };
		A1000014 /* EmptyStateView.swift */ = {isa = PBXFileReference; lastKnownFileType = sourcecode.swift; path = EmptyStateView.swift; sourceTree = "<group>"; };
		A1000016 /* ErrorView.swift */ = {isa = PBXFileReference; lastKnownFileType = sourcecode.swift; path = ErrorView.swift; sourceTree = "<group>"; };
		A1000018 /* Assets.xcassets */ = {isa = PBXFileReference; lastKnownFileType = folder.assetcatalog; path = Assets.xcassets; sourceTree = "<group>"; };
		A1000019 /* Info.plist */ = {isa = PBXFileReference; lastKnownFileType = text.plist.xml; path = Info.plist; sourceTree = "<group>"; };
		A1000020 /* MuscleHamster.app */ = {isa = PBXFileReference; explicitFileType = wrapper.application; includeInIndex = 0; path = MuscleHamster.app; sourceTree = BUILT_PRODUCTS_DIR; };
		A1000033 /* AccountSettingsView.swift */ = {isa = PBXFileReference; lastKnownFileType = sourcecode.swift; path = AccountSettingsView.swift; sourceTree = "<group>"; };
		A1000035 /* WorkoutScheduleSettingsView.swift */ = {isa = PBXFileReference; lastKnownFileType = sourcecode.swift; path = WorkoutScheduleSettingsView.swift; sourceTree = "<group>"; };
		A1000037 /* NotificationSettingsView.swift */ = {isa = PBXFileReference; lastKnownFileType = sourcecode.swift; path = NotificationSettingsView.swift; sourceTree = "<group>"; };
		A1000039 /* AudioSettingsView.swift */ = {isa = PBXFileReference; lastKnownFileType = sourcecode.swift; path = AudioSettingsView.swift; sourceTree = "<group>"; };
		A100003B /* PrivacySettingsView.swift */ = {isa = PBXFileReference; lastKnownFileType = sourcecode.swift; path = PrivacySettingsView.swift; sourceTree = "<group>"; };
/* End PBXFileReference section */

/* Begin PBXFrameworksBuildPhase section */
		A100001D /* Frameworks */ = {
			isa = PBXFrameworksBuildPhase;
			buildActionMask = 2147483647;
			files = (
			);
			runOnlyForDeploymentPostprocessing = 0;
		};
/* End PBXFrameworksBuildPhase section */

/* Begin PBXGroup section */
		A1000021 = {
			isa = PBXGroup;
			children = (
				A1000022 /* MuscleHamster */,
				A1000023 /* Products */,
			);
			sourceTree = "<group>";
		};
		A1000022 /* MuscleHamster */ = {
			isa = PBXGroup;
			children = (
				A1000002 /* MuscleHamsterApp.swift */,
				A1000024 /* Views */,
				A1000018 /* Assets.xcassets */,
				A1000019 /* Info.plist */,
			);
			path = MuscleHamster;
			sourceTree = SOURCE_ROOT;
		};
		A1000023 /* Products */ = {
			isa = PBXGroup;
			children = (
				A1000020 /* MuscleHamster.app */,
			);
			name = Products;
			sourceTree = "<group>";
		};
		A1000024 /* Views */ = {
			isa = PBXGroup;
			children = (
				A1000025 /* Navigation */,
				A1000026 /* Home */,
				A1000027 /* Workouts */,
				A1000028 /* Shop */,
				A1000029 /* Social */,
				A100002A /* Settings */,
				A100002B /* Shared */,
			);
			path = Views;
			sourceTree = "<group>";
		};
		A1000025 /* Navigation */ = {
			isa = PBXGroup;
			children = (
				A1000004 /* MainTabView.swift */,
			);
			path = Navigation;
			sourceTree = "<group>";
		};
		A1000026 /* Home */ = {
			isa = PBXGroup;
			children = (
				A1000006 /* HomeView.swift */,
			);
			path = Home;
			sourceTree = "<group>";
		};
		A1000027 /* Workouts */ = {
			isa = PBXGroup;
			children = (
				A1000008 /* WorkoutsView.swift */,
			);
			path = Workouts;
			sourceTree = "<group>";
		};
		A1000028 /* Shop */ = {
			isa = PBXGroup;
			children = (
				A100000A /* ShopView.swift */,
			);
			path = Shop;
			sourceTree = "<group>";
		};
		A1000029 /* Social */ = {
			isa = PBXGroup;
			children = (
				A100000C /* SocialView.swift */,
			);
			path = Social;
			sourceTree = "<group>";
		};
		A100002A /* Settings */ = {
			isa = PBXGroup;
			children = (
				A100000E /* SettingsView.swift */,
				A1000033 /* AccountSettingsView.swift */,
				A1000035 /* WorkoutScheduleSettingsView.swift */,
				A1000037 /* NotificationSettingsView.swift */,
				A1000039 /* AudioSettingsView.swift */,
				A100003B /* PrivacySettingsView.swift */,
			);
			path = Settings;
			sourceTree = "<group>";
		};
		A100002B /* Shared */ = {
			isa = PBXGroup;
			children = (
				A1000010 /* ViewState.swift */,
				A1000012 /* LoadingView.swift */,
				A1000014 /* EmptyStateView.swift */,
				A1000016 /* ErrorView.swift */,
			);
			path = Shared;
			sourceTree = "<group>";
		};
/* End PBXGroup section */

/* Begin PBXNativeTarget section */
		A100001F /* MuscleHamster */ = {
			isa = PBXNativeTarget;
			buildConfigurationList = A100002C;
			buildPhases = (
				A100001C /* Sources */,
				A100001D /* Frameworks */,
				A100001E /* Resources */,
			);
			buildRules = (
			);
			dependencies = (
			);
			name = MuscleHamster;
			productName = MuscleHamster;
			productReference = A1000020 /* MuscleHamster.app */;
			productType = "com.apple.product-type.application";
		};
/* End PBXNativeTarget section */

/* Begin PBXProject section */
		A100001B /* Project object */ = {
			isa = PBXProject;
			attributes = {
				BuildIndependentTargetsInParallel = 1;
				LastSwiftUpdateCheck = 1500;
				LastUpgradeCheck = 1500;
				TargetAttributes = {
					A100001F = {
						CreatedOnToolsVersion = 15.0;
					};
				};
			};
			buildConfigurationList = A100002D;
			compatibilityVersion = "Xcode 14.0";
			developmentRegion = en;
			hasScannedForEncodings = 0;
			knownRegions = (
				en,
				Base,
			);
			mainGroup = A1000021;
			productRefGroup = A1000023 /* Products */;
			projectDirPath = "";
			projectRoot = "";
			targets = (
				A100001F /* MuscleHamster */,
			);
		};
/* End PBXProject section */

/* Begin PBXResourcesBuildPhase section */
		A100001E /* Resources */ = {
			isa = PBXResourcesBuildPhase;
			buildActionMask = 2147483647;
			files = (
				A1000017 /* Assets.xcassets in Resources */,
			);
			runOnlyForDeploymentPostprocessing = 0;
		};
/* End PBXResourcesBuildPhase section */

/* Begin PBXSourcesBuildPhase section */
		A100001C /* Sources */ = {
			isa = PBXSourcesBuildPhase;
			buildActionMask = 2147483647;
			files = (
				A1000001 /* MuscleHamsterApp.swift in Sources */,
				A1000003 /* MainTabView.swift in Sources */,
				A1000005 /* HomeView.swift in Sources */,
				A1000007 /* WorkoutsView.swift in Sources */,
				A1000009 /* ShopView.swift in Sources */,
				A100000B /* SocialView.swift in Sources */,
				A100000D /* SettingsView.swift in Sources */,
				A100000F /* ViewState.swift in Sources */,
				A1000011 /* LoadingView.swift in Sources */,
				A1000013 /* EmptyStateView.swift in Sources */,
				A1000015 /* ErrorView.swift in Sources */,
				A1000032 /* AccountSettingsView.swift in Sources */,
				A1000034 /* WorkoutScheduleSettingsView.swift in Sources */,
				A1000036 /* NotificationSettingsView.swift in Sources */,
				A1000038 /* AudioSettingsView.swift in Sources */,
				A100003A /* PrivacySettingsView.swift in Sources */,
			);
			runOnlyForDeploymentPostprocessing = 0;
		};
/* End PBXSourcesBuildPhase section */

/* Begin XCBuildConfiguration section */
		A100002E /* Debug */ = {
			isa = XCBuildConfiguration;
			buildSettings = {
				ALWAYS_SEARCH_USER_PATHS = NO;
				ASSETCATALOG_COMPILER_GENERATE_SWIFT_ASSET_SYMBOL_EXTENSIONS = YES;
				CLANG_ANALYZER_NONNULL = YES;
				CLANG_ANALYZER_NUMBER_OBJECT_CONVERSION = YES_AGGRESSIVE;
				CLANG_CXX_LANGUAGE_STANDARD = "gnu++20";
				CLANG_ENABLE_MODULES = YES;
				CLANG_ENABLE_OBJC_ARC = YES;
				CLANG_ENABLE_OBJC_WEAK = YES;
				CLANG_WARN_BLOCK_CAPTURE_AUTORELEASING = YES;
				CLANG_WARN_BOOL_CONVERSION = YES;
				CLANG_WARN_COMMA = YES;
				CLANG_WARN_CONSTANT_CONVERSION = YES;
				CLANG_WARN_DEPRECATED_OBJC_IMPLEMENTATIONS = YES;
				CLANG_WARN_DIRECT_OBJC_ISA_USAGE = YES_ERROR;
				CLANG_WARN_DOCUMENTATION_COMMENTS = YES;
				CLANG_WARN_EMPTY_BODY = YES;
				CLANG_WARN_ENUM_CONVERSION = YES;
				CLANG_WARN_INFINITE_RECURSION = YES;
				CLANG_WARN_INT_CONVERSION = YES;
				CLANG_WARN_NON_LITERAL_NULL_CONVERSION = YES;
				CLANG_WARN_OBJC_IMPLICIT_RETAIN_SELF = YES;
				CLANG_WARN_OBJC_LITERAL_CONVERSION = YES;
				CLANG_WARN_OBJC_ROOT_CLASS = YES_ERROR;
				CLANG_WARN_QUOTED_INCLUDE_IN_FRAMEWORK_HEADER = YES;
				CLANG_WARN_RANGE_LOOP_ANALYSIS = YES;
				CLANG_WARN_STRICT_PROTOTYPES = YES;
				CLANG_WARN_SUSPICIOUS_MOVE = YES;
				CLANG_WARN_UNGUARDED_AVAILABILITY = YES_AGGRESSIVE;
				CLANG_WARN_UNREACHABLE_CODE = YES;
				CLANG_WARN__DUPLICATE_METHOD_MATCH = YES;
				COPY_PHASE_STRIP = NO;
				DEBUG_INFORMATION_FORMAT = dwarf;
				ENABLE_STRICT_OBJC_MSGSEND = YES;
				ENABLE_TESTABILITY = YES;
				ENABLE_USER_SCRIPT_SANDBOXING = YES;
				GCC_C_LANGUAGE_STANDARD = gnu17;
				GCC_DYNAMIC_NO_PIC = NO;
				GCC_NO_COMMON_BLOCKS = YES;
				GCC_OPTIMIZATION_LEVEL = 0;
				GCC_PREPROCESSOR_DEFINITIONS = (
					"DEBUG=1",
					"$(inherited)",
				);
				GCC_WARN_64_TO_32_BIT_CONVERSION = YES;
				GCC_WARN_ABOUT_RETURN_TYPE = YES_ERROR;
				GCC_WARN_UNDECLARED_SELECTOR = YES;
				GCC_WARN_UNINITIALIZED_AUTOS = YES_AGGRESSIVE;
				GCC_WARN_UNUSED_FUNCTION = YES;
				GCC_WARN_UNUSED_VARIABLE = YES;
				IPHONEOS_DEPLOYMENT_TARGET = 15.0;
				LOCALIZATION_PREFERS_STRING_CATALOGS = YES;
				MTL_ENABLE_DEBUG_INFO = INCLUDE_SOURCE;
				MTL_FAST_MATH = YES;
				ONLY_ACTIVE_ARCH = YES;
				SDKROOT = iphoneos;
				SWIFT_ACTIVE_COMPILATION_CONDITIONS = "DEBUG $(inherited)";
				SWIFT_OPTIMIZATION_LEVEL = "-Onone";
			};
			name = Debug;
		};
		A100002F /* Release */ = {
			isa = XCBuildConfiguration;
			buildSettings = {
				ALWAYS_SEARCH_USER_PATHS = NO;
				ASSETCATALOG_COMPILER_GENERATE_SWIFT_ASSET_SYMBOL_EXTENSIONS = YES;
				CLANG_ANALYZER_NONNULL = YES;
				CLANG_ANALYZER_NUMBER_OBJECT_CONVERSION = YES_AGGRESSIVE;
				CLANG_CXX_LANGUAGE_STANDARD = "gnu++20";
				CLANG_ENABLE_MODULES = YES;
				CLANG_ENABLE_OBJC_ARC = YES;
				CLANG_ENABLE_OBJC_WEAK = YES;
				CLANG_WARN_BLOCK_CAPTURE_AUTORELEASING = YES;
				CLANG_WARN_BOOL_CONVERSION = YES;
				CLANG_WARN_COMMA = YES;
				CLANG_WARN_CONSTANT_CONVERSION = YES;
				CLANG_WARN_DEPRECATED_OBJC_IMPLEMENTATIONS = YES;
				CLANG_WARN_DIRECT_OBJC_ISA_USAGE = YES_ERROR;
				CLANG_WARN_DOCUMENTATION_COMMENTS = YES;
				CLANG_WARN_EMPTY_BODY = YES;
				CLANG_WARN_ENUM_CONVERSION = YES;
				CLANG_WARN_INFINITE_RECURSION = YES;
				CLANG_WARN_INT_CONVERSION = YES;
				CLANG_WARN_NON_LITERAL_NULL_CONVERSION = YES;
				CLANG_WARN_OBJC_IMPLICIT_RETAIN_SELF = YES;
				CLANG_WARN_OBJC_LITERAL_CONVERSION = YES;
				CLANG_WARN_OBJC_ROOT_CLASS = YES_ERROR;
				CLANG_WARN_QUOTED_INCLUDE_IN_FRAMEWORK_HEADER = YES;
				CLANG_WARN_RANGE_LOOP_ANALYSIS = YES;
				CLANG_WARN_STRICT_PROTOTYPES = YES;
				CLANG_WARN_SUSPICIOUS_MOVE = YES;
				CLANG_WARN_UNGUARDED_AVAILABILITY = YES_AGGRESSIVE;
				CLANG_WARN_UNREACHABLE_CODE = YES;
				CLANG_WARN__DUPLICATE_METHOD_MATCH = YES;
				COPY_PHASE_STRIP = NO;
				DEBUG_INFORMATION_FORMAT = "dwarf-with-dsym";
				ENABLE_NS_ASSERTIONS = NO;
				ENABLE_STRICT_OBJC_MSGSEND = YES;
				ENABLE_USER_SCRIPT_SANDBOXING = YES;
				GCC_C_LANGUAGE_STANDARD = gnu17;
				GCC_NO_COMMON_BLOCKS = YES;
				GCC_WARN_64_TO_32_BIT_CONVERSION = YES;
				GCC_WARN_ABOUT_RETURN_TYPE = YES_ERROR;
				GCC_WARN_UNDECLARED_SELECTOR = YES;
				GCC_WARN_UNINITIALIZED_AUTOS = YES_AGGRESSIVE;
				GCC_WARN_UNUSED_FUNCTION = YES;
				GCC_WARN_UNUSED_VARIABLE = YES;
				IPHONEOS_DEPLOYMENT_TARGET = 15.0;
				LOCALIZATION_PREFERS_STRING_CATALOGS = YES;
				MTL_ENABLE_DEBUG_INFO = NO;
				MTL_FAST_MATH = YES;
				SDKROOT = iphoneos;
				SWIFT_COMPILATION_MODE = wholemodule;
				VALIDATE_PRODUCT = YES;
			};
			name = Release;
		};
		A1000030 /* Debug */ = {
			isa = XCBuildConfiguration;
			buildSettings = {
				ASSETCATALOG_COMPILER_APPICON_NAME = AppIcon;
				ASSETCATALOG_COMPILER_GLOBAL_ACCENT_COLOR_NAME = AccentColor;
				CODE_SIGN_STYLE = Automatic;
				CURRENT_PROJECT_VERSION = 1;
				DEVELOPMENT_TEAM = "";
				ENABLE_PREVIEWS = YES;
				GENERATE_INFOPLIST_FILE = YES;
				INFOPLIST_FILE = MuscleHamster/Info.plist;
				INFOPLIST_KEY_CFBundleDisplayName = "Muscle Hamster";
				INFOPLIST_KEY_UIApplicationSceneManifest_Generation = YES;
				INFOPLIST_KEY_UIApplicationSupportsIndirectInputEvents = YES;
				INFOPLIST_KEY_UILaunchScreen_Generation = YES;
				INFOPLIST_KEY_UISupportedInterfaceOrientations = UIInterfaceOrientationPortrait;
				LD_RUNPATH_SEARCH_PATHS = (
					"$(inherited)",
					"@executable_path/Frameworks",
				);
				MARKETING_VERSION = 1.0;
				PRODUCT_BUNDLE_IDENTIFIER = com.musclehamster.app;
				PRODUCT_NAME = "$(TARGET_NAME)";
				SUPPORTED_PLATFORMS = "iphoneos iphonesimulator";
				SUPPORTS_MACCATALYST = NO;
				SWIFT_EMIT_LOC_STRINGS = YES;
				SWIFT_VERSION = 5.0;
				TARGETED_DEVICE_FAMILY = 1;
			};
			name = Debug;
		};
		A1000031 /* Release */ = {
			isa = XCBuildConfiguration;
			buildSettings = {
				ASSETCATALOG_COMPILER_APPICON_NAME = AppIcon;
				ASSETCATALOG_COMPILER_GLOBAL_ACCENT_COLOR_NAME = AccentColor;
				CODE_SIGN_STYLE = Automatic;
				CURRENT_PROJECT_VERSION = 1;
				DEVELOPMENT_TEAM = "";
				ENABLE_PREVIEWS = YES;
				GENERATE_INFOPLIST_FILE = YES;
				INFOPLIST_FILE = MuscleHamster/Info.plist;
				INFOPLIST_KEY_CFBundleDisplayName = "Muscle Hamster";
				INFOPLIST_KEY_UIApplicationSceneManifest_Generation = YES;
				INFOPLIST_KEY_UIApplicationSupportsIndirectInputEvents = YES;
				INFOPLIST_KEY_UILaunchScreen_Generation = YES;
				INFOPLIST_KEY_UISupportedInterfaceOrientations = UIInterfaceOrientationPortrait;
				LD_RUNPATH_SEARCH_PATHS = (
					"$(inherited)",
					"@executable_path/Frameworks",
				);
				MARKETING_VERSION = 1.0;
				PRODUCT_BUNDLE_IDENTIFIER = com.musclehamster.app;
				PRODUCT_NAME = "$(TARGET_NAME)";
				SUPPORTED_PLATFORMS = "iphoneos iphonesimulator";
				SUPPORTS_MACCATALYST = NO;
				SWIFT_EMIT_LOC_STRINGS = YES;
				SWIFT_VERSION = 5.0;
				TARGETED_DEVICE_FAMILY = 1;
			};
			name = Release;
		};
/* End XCBuildConfiguration section */

/* Begin XCConfigurationList section */
		A100002C /* Build configuration list for PBXNativeTarget "MuscleHamster" */ = {
			isa = XCConfigurationList;
			buildConfigurations = (
				A1000030 /* Debug */,
				A1000031 /* Release */,
			);
			defaultConfigurationIsVisible = 0;
			defaultConfigurationName = Release;
		};
		A100002D /* Build configuration list for PBXProject "MuscleHamster" */ = {
			isa = XCConfigurationList;
			buildConfigurations = (
				A100002E /* Debug */,
				A100002F /* Release */,
			);
			defaultConfigurationIsVisible = 0;
			defaultConfigurationName = Release;
		};
/* End XCConfigurationList section */
	};
	rootObject = A100001B /* Project object */;
}
